<?xml version="1.0" encoding="utf-8"?>
<Project ToolsVersion="4.0" xmlns="http://schemas.microsoft.com/developer/msbuild/2003">
  <ItemGroup>
    <Filter Include="Source Files">
      <UniqueIdentifier>{4FC737F1-C7A5-4376-A066-2A32D752A2FF}</UniqueIdentifier>
      <Extensions>cpp;c;cc;cxx;c++;def;odl;idl;hpj;bat;asm;asmx</Extensions>
    </Filter>
    <Filter Include="Header Files">
      <UniqueIdentifier>{93995380-89BD-4b04-88EB-625FBE52EBFB}</UniqueIdentifier>
      <Extensions>h;hh;hpp;hxx;h++;hm;inl;inc;ipp;xsd</Extensions>
    </Filter>
    <Filter Include="Resource Files">
      <UniqueIdentifier>{67DA6AB6-F800-4c08-8B7A-83BB121AAD01}</UniqueIdentifier>
      <Extensions>rc;ico;cur;bmp;dlg;rc2;rct;bin;rgs;gif;jpg;jpeg;jpe;resx;tiff;tif;png;wav;mfcribbon-ms</Extensions>
    </Filter>
    <Filter Include="Header Files\Interfaces">
      <UniqueIdentifier>{923587d5-4541-4b57-aa08-0183264a73a9}</UniqueIdentifier>
    </Filter>
    <Filter Include="Header Files\Renderers">
      <UniqueIdentifier>{ca532302-76cb-48ec-aab9-a65e76eafcb3}</UniqueIdentifier>
    </Filter>
    <Filter Include="Source Files\Renderers">
      <UniqueIdentifier>{54132563-0356-4da3-a3d9-2660d73d21b5}</UniqueIdentifier>
    </Filter>
    <Filter Include="Header Files\Renderers\LineRenderers">
      <UniqueIdentifier>{81cbd98c-ffc9-4600-b4ea-988d25fbd254}</UniqueIdentifier>
    </Filter>
    <Filter Include="Source Files\Renderers\LineRenderers">
      <UniqueIdentifier>{aff0ba61-0f9c-4822-81da-84ab5de1e684}</UniqueIdentifier>
    </Filter>
    <Filter Include="Header Files\Types">
      <UniqueIdentifier>{4dbd5cda-f1bf-4944-9aef-ebddcf600a08}</UniqueIdentifier>
    </Filter>
  </ItemGroup>
  <ItemGroup>
    <ClCompile Include="src\Application.cpp">
      <Filter>Source Files</Filter>
    </ClCompile>
    <ClCompile Include="src\Game\CellMatrix.cpp">
      <Filter>Source Files</Filter>
    </ClCompile>
    <ClCompile Include="src\Game\GameOfLife.cpp">
      <Filter>Source Files</Filter>
    </ClCompile>
    <ClCompile Include="src\Graphics\CellMatrixRenderer.cpp">
      <Filter>Source Files\Renderers</Filter>
    </ClCompile>
    <ClCompile Include="src\Graphics\GridRenderer.cpp">
      <Filter>Source Files\Renderers</Filter>
    </ClCompile>
    <ClCompile Include="src\Graphics\HorizontalLineRenderer.cpp">
      <Filter>Source Files\Renderers\LineRenderers</Filter>
    </ClCompile>
    <ClCompile Include="src\Graphics\LineRenderer.cpp">
      <Filter>Source Files\Renderers\LineRenderers</Filter>
    </ClCompile>
    <ClCompile Include="src\Graphics\VerticalLineRenderer.cpp">
      <Filter>Source Files\Renderers\LineRenderers</Filter>
    </ClCompile>
    <ClCompile Include="src\Game\GameOfLifeCellRule.cpp">
      <Filter>Source Files</Filter>
    </ClCompile>
  </ItemGroup>
  <ItemGroup>
    <ClInclude Include="include\Graphics\IRenderer.h">
      <Filter>Header Files\Interfaces</Filter>
    </ClInclude>
    <ClInclude Include="include\Graphics\IColoredRenderer.h">
      <Filter>Header Files\Interfaces</Filter>
    </ClInclude>
    <ClInclude Include="include\Graphics\HorizontalLineRenderer.h">
      <Filter>Header Files\Renderers\LineRenderers</Filter>
    </ClInclude>
    <ClInclude Include="include\Graphics\GridRenderer.h">
      <Filter>Header Files\Renderers</Filter>
    </ClInclude>
    <ClInclude Include="include\Graphics\LineRenderer.h">
      <Filter>Header Files\Renderers\LineRenderers</Filter>
    </ClInclude>
    <ClInclude Include="include\Graphics\VerticalLineRenderer.h">
      <Filter>Header Files\Renderers\LineRenderers</Filter>
    </ClInclude>
    <ClInclude Include="include\Graphics\CellMatrixRenderer.h">
      <Filter>Header Files\Renderers</Filter>
    </ClInclude>
    <ClInclude Include="include\Utils\Vector2.h">
      <Filter>Header Files\Types</Filter>
    </ClInclude>
    <ClInclude Include="include\Utils\LinePosition.h">
      <Filter>Header Files\Types</Filter>
    </ClInclude>
    <ClInclude Include="include\Game\Cell.h">
      <Filter>Header Files\Types</Filter>
    </ClInclude>
    <ClInclude Include="include\Game\CellMatrix.h">
      <Filter>Header Files</Filter>
    </ClInclude>
    <ClInclude Include="include\Game\GameOfLife.h">
      <Filter>Header Files</Filter>
    </ClInclude>
    <ClInclude Include="include\Game\ICellRule.h">
      <Filter>Header Files</Filter>
    </ClInclude>
    <ClInclude Include="include\Game\GameOfLifeCellRule.h">
      <Filter>Header Files</Filter>
    </ClInclude>
  </ItemGroup>
</Project>